
Microsoft Visual Studio Solution File, Format Version 12.00
# Visual Studio Version 16
VisualStudioVersion = 16.0.31112.23
MinimumVisualStudioVersion = 10.0.40219.1
Project("{FAE04EC0-301F-11D3-BF4B-00C04F79EFBC}") = "crossPlatformWebDriverDownloader", "crossPlatformWebDriverDownloader\crossPlatformWebDriverDownloader.csproj", "{CC808F04-5860-4644-A6AA-DF0AF8F57EAE}"
EndProject
Global
	GlobalSection(SolutionConfigurationPlatforms) = preSolution
		Debug|Any CPU = Debug|Any CPU
		Release|Any CPU = Release|Any CPU
	EndGlobalSection
	GlobalSection(ProjectConfigurationPlatforms) = postSolution
		{CC808F04-5860-4644-A6AA-DF0AF8F57EAE}.Debug|Any CPU.ActiveCfg = Debug|Any CPU
		{CC808F04-5860-4644-A6AA-DF0AF8F57EAE}.Debug|Any CPU.Build.0 = Debug|Any CPU
		{CC808F04-5860-4644-A6AA-DF0AF8F57EAE}.Release|Any CPU.ActiveCfg = Release|Any CPU
		{CC808F04-5860-4644-A6AA-DF0AF8F57EAE}.Release|Any CPU.Build.0 = Release|Any CPU
	EndGlobalSection
	GlobalSection(SolutionProperties) = preSolution
		HideSolutionNode = FALSE
	EndGlobalSection
	GlobalSection(ExtensibilityGlobals) = postSolution
		SolutionGuid = {21EE2A00-4E18-4DC3-BBEA-BB33E6643CF8}
	EndGlobalSection
EndGlobal
